// !$*UTF8*$!
{
	archiveVersion = 1;
	classes = {
	};
	objectVersion = 56;
	objects = {

/* Begin PBXBuildFile section */
		6BFEE6622B88EEA000C0C615 /* MovieTestAppApp.swift in Sources */ = {isa = PBXBuildFile; fileRef = 6BFEE6612B88EEA000C0C615 /* MovieTestAppApp.swift */; };
		6BFEE6662B88EEA100C0C615 /* Assets.xcassets in Resources */ = {isa = PBXBuildFile; fileRef = 6BFEE6652B88EEA100C0C615 /* Assets.xcassets */; };
		6BFEE6692B88EEA100C0C615 /* Preview Assets.xcassets in Resources */ = {isa = PBXBuildFile; fileRef = 6BFEE6682B88EEA100C0C615 /* Preview Assets.xcassets */; };
		6BFEE6762B88EEC900C0C615 /* MovieListUIModel.swift in Sources */ = {isa = PBXBuildFile; fileRef = 6BFEE6712B88EEC900C0C615 /* MovieListUIModel.swift */; };
		6BFEE6782B88EEC900C0C615 /* MovieListView.swift in Sources */ = {isa = PBXBuildFile; fileRef = 6BFEE6732B88EEC900C0C615 /* MovieListView.swift */; };
		6BFEE6792B88EEC900C0C615 /* MovieListViewModel.swift in Sources */ = {isa = PBXBuildFile; fileRef = 6BFEE6742B88EEC900C0C615 /* MovieListViewModel.swift */; };
		6BFEE6812B88EF0F00C0C615 /* MovieDetailsUIModel.swift in Sources */ = {isa = PBXBuildFile; fileRef = 6BFEE67C2B88EF0F00C0C615 /* MovieDetailsUIModel.swift */; };
		6BFEE6832B88EF0F00C0C615 /* MovieDetailsView.swift in Sources */ = {isa = PBXBuildFile; fileRef = 6BFEE67E2B88EF0F00C0C615 /* MovieDetailsView.swift */; };
		6BFEE6852B88EF0F00C0C615 /* MovieDetailsParameters.swift in Sources */ = {isa = PBXBuildFile; fileRef = 6BFEE6802B88EF0F00C0C615 /* MovieDetailsParameters.swift */; };
		6BFEE6892B88EF5A00C0C615 /* Movie.swift in Sources */ = {isa = PBXBuildFile; fileRef = 6BFEE6882B88EF5A00C0C615 /* Movie.swift */; };
		6BFEE68C2B88EF7200C0C615 /* Coordinator.swift in Sources */ = {isa = PBXBuildFile; fileRef = 6BFEE68B2B88EF7200C0C615 /* Coordinator.swift */; };
		6BFEE68F2B88EF9900C0C615 /* ViewOnFirstAppear.swift in Sources */ = {isa = PBXBuildFile; fileRef = 6BFEE68E2B88EF9900C0C615 /* ViewOnFirstAppear.swift */; };
/* End PBXBuildFile section */

/* Begin PBXFileReference section */
		6BFEE65E2B88EEA000C0C615 /* MovieTestApp.app */ = {isa = PBXFileReference; explicitFileType = wrapper.application; includeInIndex = 0; path = MovieTestApp.app; sourceTree = BUILT_PRODUCTS_DIR; };
		6BFEE6612B88EEA000C0C615 /* MovieTestAppApp.swift */ = {isa = PBXFileReference; lastKnownFileType = sourcecode.swift; path = MovieTestAppApp.swift; sourceTree = "<group>"; };
		6BFEE6652B88EEA100C0C615 /* Assets.xcassets */ = {isa = PBXFileReference; lastKnownFileType = folder.assetcatalog; path = Assets.xcassets; sourceTree = "<group>"; };
		6BFEE6682B88EEA100C0C615 /* Preview Assets.xcassets */ = {isa = PBXFileReference; lastKnownFileType = folder.assetcatalog; path = "Preview Assets.xcassets"; sourceTree = "<group>"; };
		6BFEE6712B88EEC900C0C615 /* MovieListUIModel.swift */ = {isa = PBXFileReference; lastKnownFileType = sourcecode.swift; path = MovieListUIModel.swift; sourceTree = "<group>"; };
		6BFEE6732B88EEC900C0C615 /* MovieListView.swift */ = {isa = PBXFileReference; lastKnownFileType = sourcecode.swift; path = MovieListView.swift; sourceTree = "<group>"; };
		6BFEE6742B88EEC900C0C615 /* MovieListViewModel.swift */ = {isa = PBXFileReference; lastKnownFileType = sourcecode.swift; path = MovieListViewModel.swift; sourceTree = "<group>"; };
		6BFEE67C2B88EF0F00C0C615 /* MovieDetailsUIModel.swift */ = {isa = PBXFileReference; lastKnownFileType = sourcecode.swift; path = MovieDetailsUIModel.swift; sourceTree = "<group>"; };
		6BFEE67E2B88EF0F00C0C615 /* MovieDetailsView.swift */ = {isa = PBXFileReference; lastKnownFileType = sourcecode.swift; path = MovieDetailsView.swift; sourceTree = "<group>"; };
		6BFEE6802B88EF0F00C0C615 /* MovieDetailsParameters.swift */ = {isa = PBXFileReference; lastKnownFileType = sourcecode.swift; path = MovieDetailsParameters.swift; sourceTree = "<group>"; };
		6BFEE6882B88EF5A00C0C615 /* Movie.swift */ = {isa = PBXFileReference; lastKnownFileType = sourcecode.swift; path = Movie.swift; sourceTree = "<group>"; };
		6BFEE68B2B88EF7200C0C615 /* Coordinator.swift */ = {isa = PBXFileReference; lastKnownFileType = sourcecode.swift; path = Coordinator.swift; sourceTree = "<group>"; };
		6BFEE68E2B88EF9900C0C615 /* ViewOnFirstAppear.swift */ = {isa = PBXFileReference; lastKnownFileType = sourcecode.swift; path = ViewOnFirstAppear.swift; sourceTree = "<group>"; };
/* End PBXFileReference section */

/* Begin PBXFrameworksBuildPhase section */
		6BFEE65B2B88EEA000C0C615 /* Frameworks */ = {
			isa = PBXFrameworksBuildPhase;
			buildActionMask = 2147483647;
			files = (
			);
			runOnlyForDeploymentPostprocessing = 0;
		};
/* End PBXFrameworksBuildPhase section */

/* Begin PBXGroup section */
		6BFEE6552B88EEA000C0C615 = {
			isa = PBXGroup;
			children = (
				6BFEE6602B88EEA000C0C615 /* MovieTestApp */,
				6BFEE65F2B88EEA000C0C615 /* Products */,
			);
			sourceTree = "<group>";
		};
		6BFEE65F2B88EEA000C0C615 /* Products */ = {
			isa = PBXGroup;
			children = (
				6BFEE65E2B88EEA000C0C615 /* MovieTestApp.app */,
			);
			name = Products;
			sourceTree = "<group>";
		};
		6BFEE6602B88EEA000C0C615 /* MovieTestApp */ = {
			isa = PBXGroup;
			children = (
				6BFEE66F2B88EEB300C0C615 /* Scenes */,
				6BFEE6872B88EF5000C0C615 /* Models */,
				6BFEE68A2B88EF6600C0C615 /* Coordiantor */,
				6BFEE68D2B88EF8400C0C615 /* Extensions */,
				6BFEE6612B88EEA000C0C615 /* MovieTestAppApp.swift */,
				6BFEE6652B88EEA100C0C615 /* Assets.xcassets */,
				6BFEE6672B88EEA100C0C615 /* Preview Content */,
			);
			path = MovieTestApp;
			sourceTree = "<group>";
		};
		6BFEE6672B88EEA100C0C615 /* Preview Content */ = {
			isa = PBXGroup;
			children = (
				6BFEE6682B88EEA100C0C615 /* Preview Assets.xcassets */,
			);
			path = "Preview Content";
			sourceTree = "<group>";
		};
		6BFEE66F2B88EEB300C0C615 /* Scenes */ = {
			isa = PBXGroup;
			children = (
				6BFEE67B2B88EEFB00C0C615 /* Movie Details */,
				6BFEE6702B88EEB900C0C615 /* Movie List */,
			);
			path = Scenes;
			sourceTree = "<group>";
		};
		6BFEE6702B88EEB900C0C615 /* Movie List */ = {
			isa = PBXGroup;
			children = (
				6BFEE6712B88EEC900C0C615 /* MovieListUIModel.swift */,
				6BFEE6732B88EEC900C0C615 /* MovieListView.swift */,
				6BFEE6742B88EEC900C0C615 /* MovieListViewModel.swift */,
			);
			path = "Movie List";
			sourceTree = "<group>";
		};
		6BFEE67B2B88EEFB00C0C615 /* Movie Details */ = {
			isa = PBXGroup;
			children = (
				6BFEE67C2B88EF0F00C0C615 /* MovieDetailsUIModel.swift */,
				6BFEE67E2B88EF0F00C0C615 /* MovieDetailsView.swift */,
				6BFEE6802B88EF0F00C0C615 /* MovieDetailsParameters.swift */,
			);
			path = "Movie Details";
			sourceTree = "<group>";
		};
		6BFEE6872B88EF5000C0C615 /* Models */ = {
			isa = PBXGroup;
			children = (
				6BFEE6882B88EF5A00C0C615 /* Movie.swift */,
			);
			path = Models;
			sourceTree = "<group>";
		};
		6BFEE68A2B88EF6600C0C615 /* Coordiantor */ = {
			isa = PBXGroup;
			children = (
				6BFEE68B2B88EF7200C0C615 /* Coordinator.swift */,
			);
			path = Coordiantor;
			sourceTree = "<group>";
		};
		6BFEE68D2B88EF8400C0C615 /* Extensions */ = {
			isa = PBXGroup;
			children = (
				6BFEE68E2B88EF9900C0C615 /* ViewOnFirstAppear.swift */,
			);
			path = Extensions;
			sourceTree = "<group>";
		};
/* End PBXGroup section */

/* Begin PBXNativeTarget section */
		6BFEE65D2B88EEA000C0C615 /* MovieTestApp */ = {
			isa = PBXNativeTarget;
			buildConfigurationList = 6BFEE66C2B88EEA100C0C615 /* Build configuration list for PBXNativeTarget "MovieTestApp" */;
			buildPhases = (
				6BFEE65A2B88EEA000C0C615 /* Sources */,
				6BFEE65B2B88EEA000C0C615 /* Frameworks */,
				6BFEE65C2B88EEA000C0C615 /* Resources */,
			);
			buildRules = (
			);
			dependencies = (
			);
			name = MovieTestApp;
			productName = MovieTestApp;
			productReference = 6BFEE65E2B88EEA000C0C615 /* MovieTestApp.app */;
			productType = "com.apple.product-type.application";
		};
/* End PBXNativeTarget section */

/* Begin PBXProject section */
		6BFEE6562B88EEA000C0C615 /* Project object */ = {
			isa = PBXProject;
			attributes = {
				BuildIndependentTargetsInParallel = 1;
				LastSwiftUpdateCheck = 1500;
				LastUpgradeCheck = 1500;
				TargetAttributes = {
					6BFEE65D2B88EEA000C0C615 = {
						CreatedOnToolsVersion = 15.0.1;
					};
				};
			};
			buildConfigurationList = 6BFEE6592B88EEA000C0C615 /* Build configuration list for PBXProject "MovieTestApp" */;
			compatibilityVersion = "Xcode 14.0";
			developmentRegion = en;
			hasScannedForEncodings = 0;
			knownRegions = (
				en,
				Base,
			);
			mainGroup = 6BFEE6552B88EEA000C0C615;
			productRefGroup = 6BFEE65F2B88EEA000C0C615 /* Products */;
			projectDirPath = "";
			projectRoot = "";
			targets = (
				6BFEE65D2B88EEA000C0C615 /* MovieTestApp */,
			);
		};
/* End PBXProject section */

/* Begin PBXResourcesBuildPhase section */
		6BFEE65C2B88EEA000C0C615 /* Resources */ = {
			isa = PBXResourcesBuildPhase;
			buildActionMask = 2147483647;
			files = (
				6BFEE6692B88EEA100C0C615 /* Preview Assets.xcassets in Resources */,
				6BFEE6662B88EEA100C0C615 /* Assets.xcassets in Resources */,
			);
			runOnlyForDeploymentPostprocessing = 0;
		};
/* End PBXResourcesBuildPhase section */

/* Begin PBXSourcesBuildPhase section */
		6BFEE65A2B88EEA000C0C615 /* Sources */ = {
			isa = PBXSourcesBuildPhase;
			buildActionMask = 2147483647;
			files = (
				6BFEE6762B88EEC900C0C615 /* MovieListUIModel.swift in Sources */,
				6BFEE68C2B88EF7200C0C615 /* Coordinator.swift in Sources */,
				6BFEE6892B88EF5A00C0C615 /* Movie.swift in Sources */,
				6BFEE6832B88EF0F00C0C615 /* MovieDetailsView.swift in Sources */,
				6BFEE6852B88EF0F00C0C615 /* MovieDetailsParameters.swift in Sources */,
				6BFEE6782B88EEC900C0C615 /* MovieListView.swift in Sources */,
				6BFEE68F2B88EF9900C0C615 /* ViewOnFirstAppear.swift in Sources */,
				6BFEE6622B88EEA000C0C615 /* MovieTestAppApp.swift in Sources */,
				6BFEE6792B88EEC900C0C615 /* MovieListViewModel.swift in Sources */,
				6BFEE6812B88EF0F00C0C615 /* MovieDetailsUIModel.swift in Sources */,
			);
			runOnlyForDeploymentPostprocessing = 0;
		};
/* End PBXSourcesBuildPhase section */

/* Begin XCBuildConfiguration section */
		6BFEE66A2B88EEA100C0C615 /* Debug */ = {
			isa = XCBuildConfiguration;
			buildSettings = {
				ALWAYS_SEARCH_USER_PATHS = NO;
				ASSETCATALOG_COMPILER_GENERATE_SWIFT_ASSET_SYMBOL_EXTENSIONS = YES;
				CLANG_ANALYZER_NONNULL = YES;
				CLANG_ANALYZER_NUMBER_OBJECT_CONVERSION = YES_AGGRESSIVE;
				CLANG_CXX_LANGUAGE_STANDARD = "gnu++20";
				CLANG_ENABLE_MODULES = YES;
				CLANG_ENABLE_OBJC_ARC = YES;
				CLANG_ENABLE_OBJC_WEAK = YES;
				CLANG_WARN_BLOCK_CAPTURE_AUTORELEASING = YES;
				CLANG_WARN_BOOL_CONVERSION = YES;
				CLANG_WARN_COMMA = YES;
				CLANG_WARN_CONSTANT_CONVERSION = YES;
				CLANG_WARN_DEPRECATED_OBJC_IMPLEMENTATIONS = YES;
				CLANG_WARN_DIRECT_OBJC_ISA_USAGE = YES_ERROR;
				CLANG_WARN_DOCUMENTATION_COMMENTS = YES;
				CLANG_WARN_EMPTY_BODY = YES;
				CLANG_WARN_ENUM_CONVERSION = YES;
				CLANG_WARN_INFINITE_RECURSION = YES;
				CLANG_WARN_INT_CONVERSION = YES;
				CLANG_WARN_NON_LITERAL_NULL_CONVERSION = YES;
				CLANG_WARN_OBJC_IMPLICIT_RETAIN_SELF = YES;
				CLANG_WARN_OBJC_LITERAL_CONVERSION = YES;
				CLANG_WARN_OBJC_ROOT_CLASS = YES_ERROR;
				CLANG_WARN_QUOTED_INCLUDE_IN_FRAMEWORK_HEADER = YES;
				CLANG_WARN_RANGE_LOOP_ANALYSIS = YES;
				CLANG_WARN_STRICT_PROTOTYPES = YES;
				CLANG_WARN_SUSPICIOUS_MOVE = YES;
				CLANG_WARN_UNGUARDED_AVAILABILITY = YES_AGGRESSIVE;
				CLANG_WARN_UNREACHABLE_CODE = YES;
				CLANG_WARN__DUPLICATE_METHOD_MATCH = YES;
				COPY_PHASE_STRIP = NO;
				DEBUG_INFORMATION_FORMAT = dwarf;
				ENABLE_STRICT_OBJC_MSGSEND = YES;
				ENABLE_TESTABILITY = YES;
				ENABLE_USER_SCRIPT_SANDBOXING = YES;
				GCC_C_LANGUAGE_STANDARD = gnu17;
				GCC_DYNAMIC_NO_PIC = NO;
				GCC_NO_COMMON_BLOCKS = YES;
				GCC_OPTIMIZATION_LEVEL = 0;
				GCC_PREPROCESSOR_DEFINITIONS = (
					"DEBUG=1",
					"$(inherited)",
				);
				GCC_WARN_64_TO_32_BIT_CONVERSION = YES;
				GCC_WARN_ABOUT_RETURN_TYPE = YES_ERROR;
				GCC_WARN_UNDECLARED_SELECTOR = YES;
				GCC_WARN_UNINITIALIZED_AUTOS = YES_AGGRESSIVE;
				GCC_WARN_UNUSED_FUNCTION = YES;
				GCC_WARN_UNUSED_VARIABLE = YES;
				IPHONEOS_DEPLOYMENT_TARGET = 17.0;
				LOCALIZATION_PREFERS_STRING_CATALOGS = YES;
				MTL_ENABLE_DEBUG_INFO = INCLUDE_SOURCE;
				MTL_FAST_MATH = YES;
				ONLY_ACTIVE_ARCH = YES;
				SDKROOT = iphoneos;
				SWIFT_ACTIVE_COMPILATION_CONDITIONS = "DEBUG $(inherited)";
				SWIFT_OPTIMIZATION_LEVEL = "-Onone";
			};
			name = Debug;
		};
		6BFEE66B2B88EEA100C0C615 /* Release */ = {
			isa = XCBuildConfiguration;
			buildSettings = {
				ALWAYS_SEARCH_USER_PATHS = NO;
				ASSETCATALOG_COMPILER_GENERATE_SWIFT_ASSET_SYMBOL_EXTENSIONS = YES;
				CLANG_ANALYZER_NONNULL = YES;
				CLANG_ANALYZER_NUMBER_OBJECT_CONVERSION = YES_AGGRESSIVE;
				CLANG_CXX_LANGUAGE_STANDARD = "gnu++20";
				CLANG_ENABLE_MODULES = YES;
				CLANG_ENABLE_OBJC_ARC = YES;
				CLANG_ENABLE_OBJC_WEAK = YES;
				CLANG_WARN_BLOCK_CAPTURE_AUTORELEASING = YES;
				CLANG_WARN_BOOL_CONVERSION = YES;
				CLANG_WARN_COMMA = YES;
				CLANG_WARN_CONSTANT_CONVERSION = YES;
				CLANG_WARN_DEPRECATED_OBJC_IMPLEMENTATIONS = YES;
				CLANG_WARN_DIRECT_OBJC_ISA_USAGE = YES_ERROR;
				CLANG_WARN_DOCUMENTATION_COMMENTS = YES;
				CLANG_WARN_EMPTY_BODY = YES;
				CLANG_WARN_ENUM_CONVERSION = YES;
				CLANG_WARN_INFINITE_RECURSION = YES;
				CLANG_WARN_INT_CONVERSION = YES;
				CLANG_WARN_NON_LITERAL_NULL_CONVERSION = YES;
				CLANG_WARN_OBJC_IMPLICIT_RETAIN_SELF = YES;
				CLANG_WARN_OBJC_LITERAL_CONVERSION = YES;
				CLANG_WARN_OBJC_ROOT_CLASS = YES_ERROR;
				CLANG_WARN_QUOTED_INCLUDE_IN_FRAMEWORK_HEADER = YES;
				CLANG_WARN_RANGE_LOOP_ANALYSIS = YES;
				CLANG_WARN_STRICT_PROTOTYPES = YES;
				CLANG_WARN_SUSPICIOUS_MOVE = YES;
				CLANG_WARN_UNGUARDED_AVAILABILITY = YES_AGGRESSIVE;
				CLANG_WARN_UNREACHABLE_CODE = YES;
				CLANG_WARN__DUPLICATE_METHOD_MATCH = YES;
				COPY_PHASE_STRIP = NO;
				DEBUG_INFORMATION_FORMAT = "dwarf-with-dsym";
				ENABLE_NS_ASSERTIONS = NO;
				ENABLE_STRICT_OBJC_MSGSEND = YES;
				ENABLE_USER_SCRIPT_SANDBOXING = YES;
				GCC_C_LANGUAGE_STANDARD = gnu17;
				GCC_NO_COMMON_BLOCKS = YES;
				GCC_WARN_64_TO_32_BIT_CONVERSION = YES;
				GCC_WARN_ABOUT_RETURN_TYPE = YES_ERROR;
				GCC_WARN_UNDECLARED_SELECTOR = YES;
				GCC_WARN_UNINITIALIZED_AUTOS = YES_AGGRESSIVE;
				GCC_WARN_UNUSED_FUNCTION = YES;
				GCC_WARN_UNUSED_VARIABLE = YES;
				IPHONEOS_DEPLOYMENT_TARGET = 17.0;
				LOCALIZATION_PREFERS_STRING_CATALOGS = YES;
				MTL_ENABLE_DEBUG_INFO = NO;
				MTL_FAST_MATH = YES;
				SDKROOT = iphoneos;
				SWIFT_COMPILATION_MODE = wholemodule;
				VALIDATE_PRODUCT = YES;
			};
			name = Release;
		};
		6BFEE66D2B88EEA100C0C615 /* Debug */ = {
			isa = XCBuildConfiguration;
			buildSettings = {
				ASSETCATALOG_COMPILER_APPICON_NAME = AppIcon;
				ASSETCATALOG_COMPILER_GLOBAL_ACCENT_COLOR_NAME = AccentColor;
				CODE_SIGN_STYLE = Automatic;
				CURRENT_PROJECT_VERSION = 1;
				DEVELOPMENT_ASSET_PATHS = "\"MovieTestApp/Preview Content\"";
				ENABLE_PREVIEWS = YES;
				GENERATE_INFOPLIST_FILE = YES;
				INFOPLIST_KEY_UIApplicationSceneManifest_Generation = YES;
				INFOPLIST_KEY_UIApplicationSupportsIndirectInputEvents = YES;
				INFOPLIST_KEY_UILaunchScreen_Generation = YES;
				INFOPLIST_KEY_UISupportedInterfaceOrientations_iPad = "UIInterfaceOrientationPortrait UIInterfaceOrientationPortraitUpsideDown UIInterfaceOrientationLandscapeLeft UIInterfaceOrientationLandscapeRight";
				INFOPLIST_KEY_UISupportedInterfaceOrientations_iPhone = "UIInterfaceOrientationPortrait UIInterfaceOrientationLandscapeLeft UIInterfaceOrientationLandscapeRight";
				LD_RUNPATH_SEARCH_PATHS = (
					"$(inherited)",
					"@executable_path/Frameworks",
				);
				MARKETING_VERSION = 1.0;
				PRODUCT_BUNDLE_IDENTIFIER = test.MovieTestApp;
				PRODUCT_NAME = "$(TARGET_NAME)";
				SWIFT_EMIT_LOC_STRINGS = YES;
				SWIFT_VERSION = 5.0;
				TARGETED_DEVICE_FAMILY = "1,2";
			};
			name = Debug;
		};
		6BFEE66E2B88EEA100C0C615 /* Release */ = {
			isa = XCBuildConfiguration;
			buildSettings = {
				ASSETCATALOG_COMPILER_APPICON_NAME = AppIcon;
				ASSETCATALOG_COMPILER_GLOBAL_ACCENT_COLOR_NAME = AccentColor;
				CODE_SIGN_STYLE = Automatic;
				CURRENT_PROJECT_VERSION = 1;
				DEVELOPMENT_ASSET_PATHS = "\"MovieTestApp/Preview Content\"";
				ENABLE_PREVIEWS = YES;
				GENERATE_INFOPLIST_FILE = YES;
				INFOPLIST_KEY_UIApplicationSceneManifest_Generation = YES;
				INFOPLIST_KEY_UIApplicationSupportsIndirectInputEvents = YES;
				INFOPLIST_KEY_UILaunchScreen_Generation = YES;
				INFOPLIST_KEY_UISupportedInterfaceOrientations_iPad = "UIInterfaceOrientationPortrait UIInterfaceOrientationPortraitUpsideDown UIInterfaceOrientationLandscapeLeft UIInterfaceOrientationLandscapeRight";
				INFOPLIST_KEY_UISupportedInterfaceOrientations_iPhone = "UIInterfaceOrientationPortrait UIInterfaceOrientationLandscapeLeft UIInterfaceOrientationLandscapeRight";
				LD_RUNPATH_SEARCH_PATHS = (
					"$(inherited)",
					"@executable_path/Frameworks",
				);
				MARKETING_VERSION = 1.0;
				PRODUCT_BUNDLE_IDENTIFIER = test.MovieTestApp;
				PRODUCT_NAME = "$(TARGET_NAME)";
				SWIFT_EMIT_LOC_STRINGS = YES;
				SWIFT_VERSION = 5.0;
				TARGETED_DEVICE_FAMILY = "1,2";
			};
			name = Release;
		};
/* End XCBuildConfiguration section */

/* Begin XCConfigurationList section */
		6BFEE6592B88EEA000C0C615 /* Build configuration list for PBXProject "MovieTestApp" */ = {
			isa = XCConfigurationList;
			buildConfigurations = (
				6BFEE66A2B88EEA100C0C615 /* Debug */,
				6BFEE66B2B88EEA100C0C615 /* Release */,
			);
			defaultConfigurationIsVisible = 0;
			defaultConfigurationName = Release;
		};
		6BFEE66C2B88EEA100C0C615 /* Build configuration list for PBXNativeTarget "MovieTestApp" */ = {
			isa = XCConfigurationList;
			buildConfigurations = (
				6BFEE66D2B88EEA100C0C615 /* Debug */,
				6BFEE66E2B88EEA100C0C615 /* Release */,
			);
			defaultConfigurationIsVisible = 0;
			defaultConfigurationName = Release;
		};
/* End XCConfigurationList section */
	};
	rootObject = 6BFEE6562B88EEA000C0C615 /* Project object */;
}
